
Microsoft Visual Studio Solution File, Format Version 12.00
# Visual Studio Version 17
VisualStudioVersion = 17.7.34031.279
MinimumVisualStudioVersion = 10.0.40219.1
Project("{FAE04EC0-301F-11D3-BF4B-00C04F79EFBC}") = "HomeCourse", "HomeCourse\HomeCourse.csproj", "{102A96A1-9565-4C9E-86DF-FA5CD87E9BD5}"
EndProject
Global
	GlobalSection(SolutionConfigurationPlatforms) = preSolution
		Debug|Any CPU = Debug|Any CPU
		Release|Any CPU = Release|Any CPU
	EndGlobalSection
	GlobalSection(ProjectConfigurationPlatforms) = postSolution
		{102A96A1-9565-4C9E-86DF-FA5CD87E9BD5}.Debug|Any CPU.ActiveCfg = Debug|Any CPU
		{102A96A1-9565-4C9E-86DF-FA5CD87E9BD5}.Debug|Any CPU.Build.0 = Debug|Any CPU
		{102A96A1-9565-4C9E-86DF-FA5CD87E9BD5}.Release|Any CPU.ActiveCfg = Release|Any CPU
		{102A96A1-9565-4C9E-86DF-FA5CD87E9BD5}.Release|Any CPU.Build.0 = Release|Any CPU
	EndGlobalSection
	GlobalSection(SolutionProperties) = preSolution
		HideSolutionNode = FALSE
	EndGlobalSection
	GlobalSection(ExtensibilityGlobals) = postSolution
		SolutionGuid = {C244665E-AD95-4594-9AA9-46A92FA7908A}
	EndGlobalSection
EndGlobal
